
Microsoft Visual Studio Solution File, Format Version 12.00
# Visual Studio Version 16
VisualStudioVersion = 16.0.31112.23
MinimumVisualStudioVersion = 10.0.40219.1
Project("{FAE04EC0-301F-11D3-BF4B-00C04F79EFBC}") = "DataAccess", "DataAccess\DataAccess.csproj", "{4EE3C8CC-9264-46E2-AE36-30CFA67AC3A1}"
EndProject
Project("{FAE04EC0-301F-11D3-BF4B-00C04F79EFBC}") = "Entities", "Entities\Entities.csproj", "{83E10680-451D-41B5-BA63-D21B3C4F077E}"
EndProject
Project("{FAE04EC0-301F-11D3-BF4B-00C04F79EFBC}") = "Business", "Business\Business.csproj", "{FE97810E-90D6-4927-BF20-B0F18A204BB0}"
EndProject
Project("{FAE04EC0-301F-11D3-BF4B-00C04F79EFBC}") = "ConsoleUI", "ConsoleUI\ConsoleUI.csproj", "{15C65448-FFFF-4FF6-BFBC-B74DAB36A9D0}"
EndProject
Project("{FAE04EC0-301F-11D3-BF4B-00C04F79EFBC}") = "Core", "Core\Core.csproj", "{1B75F8EC-4B30-48FC-9B11-8DE2EEE54F5F}"
EndProject
Global
	GlobalSection(SolutionConfigurationPlatforms) = preSolution
		Debug|Any CPU = Debug|Any CPU
		Release|Any CPU = Release|Any CPU
	EndGlobalSection
	GlobalSection(ProjectConfigurationPlatforms) = postSolution
		{4EE3C8CC-9264-46E2-AE36-30CFA67AC3A1}.Debug|Any CPU.ActiveCfg = Debug|Any CPU
		{4EE3C8CC-9264-46E2-AE36-30CFA67AC3A1}.Debug|Any CPU.Build.0 = Debug|Any CPU
		{4EE3C8CC-9264-46E2-AE36-30CFA67AC3A1}.Release|Any CPU.ActiveCfg = Release|Any CPU
		{4EE3C8CC-9264-46E2-AE36-30CFA67AC3A1}.Release|Any CPU.Build.0 = Release|Any CPU
		{83E10680-451D-41B5-BA63-D21B3C4F077E}.Debug|Any CPU.ActiveCfg = Debug|Any CPU
		{83E10680-451D-41B5-BA63-D21B3C4F077E}.Debug|Any CPU.Build.0 = Debug|Any CPU
		{83E10680-451D-41B5-BA63-D21B3C4F077E}.Release|Any CPU.ActiveCfg = Release|Any CPU
		{83E10680-451D-41B5-BA63-D21B3C4F077E}.Release|Any CPU.Build.0 = Release|Any CPU
		{FE97810E-90D6-4927-BF20-B0F18A204BB0}.Debug|Any CPU.ActiveCfg = Debug|Any CPU
		{FE97810E-90D6-4927-BF20-B0F18A204BB0}.Debug|Any CPU.Build.0 = Debug|Any CPU
		{FE97810E-90D6-4927-BF20-B0F18A204BB0}.Release|Any CPU.ActiveCfg = Release|Any CPU
		{FE97810E-90D6-4927-BF20-B0F18A204BB0}.Release|Any CPU.Build.0 = Release|Any CPU
		{15C65448-FFFF-4FF6-BFBC-B74DAB36A9D0}.Debug|Any CPU.ActiveCfg = Debug|Any CPU
		{15C65448-FFFF-4FF6-BFBC-B74DAB36A9D0}.Debug|Any CPU.Build.0 = Debug|Any CPU
		{15C65448-FFFF-4FF6-BFBC-B74DAB36A9D0}.Release|Any CPU.ActiveCfg = Release|Any CPU
		{15C65448-FFFF-4FF6-BFBC-B74DAB36A9D0}.Release|Any CPU.Build.0 = Release|Any CPU
		{1B75F8EC-4B30-48FC-9B11-8DE2EEE54F5F}.Debug|Any CPU.ActiveCfg = Debug|Any CPU
		{1B75F8EC-4B30-48FC-9B11-8DE2EEE54F5F}.Debug|Any CPU.Build.0 = Debug|Any CPU
		{1B75F8EC-4B30-48FC-9B11-8DE2EEE54F5F}.Release|Any CPU.ActiveCfg = Release|Any CPU
		{1B75F8EC-4B30-48FC-9B11-8DE2EEE54F5F}.Release|Any CPU.Build.0 = Release|Any CPU
	EndGlobalSection
	GlobalSection(SolutionProperties) = preSolution
		HideSolutionNode = FALSE
	EndGlobalSection
	GlobalSection(ExtensibilityGlobals) = postSolution
		SolutionGuid = {87CF91CE-DE70-4D54-9BF6-B79065511AE1}
	EndGlobalSection
EndGlobal
